// !$*UTF8*$!
{
	archiveVersion = 1;
	classes = {
	};
	objectVersion = 50;
	objects = {

/* Begin PBXBuildFile section */
		429A62F92499707C00FE4EC2 /* AppDelegate.swift in Sources */ = {isa = PBXBuildFile; fileRef = 429A62F82499707C00FE4EC2 /* AppDelegate.swift */; };
		429A62FB2499707C00FE4EC2 /* SceneDelegate.swift in Sources */ = {isa = PBXBuildFile; fileRef = 429A62FA2499707C00FE4EC2 /* SceneDelegate.swift */; };
		429A62FD2499707C00FE4EC2 /* ViewController.swift in Sources */ = {isa = PBXBuildFile; fileRef = 429A62FC2499707C00FE4EC2 /* ViewController.swift */; };
		429A63002499707C00FE4EC2 /* Main.storyboard in Resources */ = {isa = PBXBuildFile; fileRef = 429A62FE2499707C00FE4EC2 /* Main.storyboard */; };
		429A63022499708300FE4EC2 /* Assets.xcassets in Resources */ = {isa = PBXBuildFile; fileRef = 429A63012499708300FE4EC2 /* Assets.xcassets */; };
		429A63052499708300FE4EC2 /* LaunchScreen.storyboard in Resources */ = {isa = PBXBuildFile; fileRef = 429A63032499708300FE4EC2 /* LaunchScreen.storyboard */; };
/* End PBXBuildFile section */

/* Begin PBXFileReference section */
		429A62F52499707C00FE4EC2 /* PoEPriceTracker.app */ = {isa = PBXFileReference; explicitFileType = wrapper.application; includeInIndex = 0; path = PoEPriceTracker.app; sourceTree = BUILT_PRODUCTS_DIR; };
		429A62F82499707C00FE4EC2 /* AppDelegate.swift */ = {isa = PBXFileReference; lastKnownFileType = sourcecode.swift; path = AppDelegate.swift; sourceTree = "<group>"; };
		429A62FA2499707C00FE4EC2 /* SceneDelegate.swift */ = {isa = PBXFileReference; lastKnownFileType = sourcecode.swift; path = SceneDelegate.swift; sourceTree = "<group>"; };
		429A62FC2499707C00FE4EC2 /* ViewController.swift */ = {isa = PBXFileReference; lastKnownFileType = sourcecode.swift; path = ViewController.swift; sourceTree = "<group>"; };
		429A62FF2499707C00FE4EC2 /* Base */ = {isa = PBXFileReference; lastKnownFileType = file.storyboard; name = Base; path = Base.lproj/Main.storyboard; sourceTree = "<group>"; };
		429A63012499708300FE4EC2 /* Assets.xcassets */ = {isa = PBXFileReference; lastKnownFileType = folder.assetcatalog; path = Assets.xcassets; sourceTree = "<group>"; };
		429A63042499708300FE4EC2 /* Base */ = {isa = PBXFileReference; lastKnownFileType = file.storyboard; name = Base; path = Base.lproj/LaunchScreen.storyboard; sourceTree = "<group>"; };
		429A63062499708300FE4EC2 /* Info.plist */ = {isa = PBXFileReference; lastKnownFileType = text.plist.xml; path = Info.plist; sourceTree = "<group>"; };
/* End PBXFileReference section */

/* Begin PBXFrameworksBuildPhase section */
		429A62F22499707C00FE4EC2 /* Frameworks */ = {
			isa = PBXFrameworksBuildPhase;
			buildActionMask = 2147483647;
			files = (
			);
			runOnlyForDeploymentPostprocessing = 0;
		};
/* End PBXFrameworksBuildPhase section */

/* Begin PBXGroup section */
		429A62EC2499707C00FE4EC2 = {
			isa = PBXGroup;
			children = (
				429A62F72499707C00FE4EC2 /* PoEPriceTracker */,
				429A62F62499707C00FE4EC2 /* Products */,
			);
			sourceTree = "<group>";
		};
		429A62F62499707C00FE4EC2 /* Products */ = {
			isa = PBXGroup;
			children = (
				429A62F52499707C00FE4EC2 /* PoEPriceTracker.app */,
			);
			name = Products;
			sourceTree = "<group>";
		};
		429A62F72499707C00FE4EC2 /* PoEPriceTracker */ = {
			isa = PBXGroup;
			children = (
				429A62F82499707C00FE4EC2 /* AppDelegate.swift */,
				429A62FA2499707C00FE4EC2 /* SceneDelegate.swift */,
				429A62FC2499707C00FE4EC2 /* ViewController.swift */,
				429A62FE2499707C00FE4EC2 /* Main.storyboard */,
				429A63012499708300FE4EC2 /* Assets.xcassets */,
				429A63032499708300FE4EC2 /* LaunchScreen.storyboard */,
				429A63062499708300FE4EC2 /* Info.plist */,
			);
			path = PoEPriceTracker;
			sourceTree = "<group>";
		};
/* End PBXGroup section */

/* Begin PBXNativeTarget section */
		429A62F42499707C00FE4EC2 /* PoEPriceTracker */ = {
			isa = PBXNativeTarget;
			buildConfigurationList = 429A63092499708300FE4EC2 /* Build configuration list for PBXNativeTarget "PoEPriceTracker" */;
			buildPhases = (
				429A62F12499707C00FE4EC2 /* Sources */,
				429A62F22499707C00FE4EC2 /* Frameworks */,
				429A62F32499707C00FE4EC2 /* Resources */,
			);
			buildRules = (
			);
			dependencies = (
			);
			name = PoEPriceTracker;
			productName = PoEPriceTracker;
			productReference = 429A62F52499707C00FE4EC2 /* PoEPriceTracker.app */;
			productType = "com.apple.product-type.application";
		};
/* End PBXNativeTarget section */

/* Begin PBXProject section */
		429A62ED2499707C00FE4EC2 /* Project object */ = {
			isa = PBXProject;
			attributes = {
				LastSwiftUpdateCheck = 1140;
				LastUpgradeCheck = 1140;
				ORGANIZATIONNAME = "Thomas Cacciatore";
				TargetAttributes = {
					429A62F42499707C00FE4EC2 = {
						CreatedOnToolsVersion = 11.4;
					};
				};
			};
			buildConfigurationList = 429A62F02499707C00FE4EC2 /* Build configuration list for PBXProject "PoEPriceTracker" */;
			compatibilityVersion = "Xcode 9.3";
			developmentRegion = en;
			hasScannedForEncodings = 0;
			knownRegions = (
				en,
				Base,
			);
			mainGroup = 429A62EC2499707C00FE4EC2;
			productRefGroup = 429A62F62499707C00FE4EC2 /* Products */;
			projectDirPath = "";
			projectRoot = "";
			targets = (
				429A62F42499707C00FE4EC2 /* PoEPriceTracker */,
			);
		};
/* End PBXProject section */

/* Begin PBXResourcesBuildPhase section */
		429A62F32499707C00FE4EC2 /* Resources */ = {
			isa = PBXResourcesBuildPhase;
			buildActionMask = 2147483647;
			files = (
				429A63052499708300FE4EC2 /* LaunchScreen.storyboard in Resources */,
				429A63022499708300FE4EC2 /* Assets.xcassets in Resources */,
				429A63002499707C00FE4EC2 /* Main.storyboard in Resources */,
			);
			runOnlyForDeploymentPostprocessing = 0;
		};
/* End PBXResourcesBuildPhase section */

/* Begin PBXSourcesBuildPhase section */
		429A62F12499707C00FE4EC2 /* Sources */ = {
			isa = PBXSourcesBuildPhase;
			buildActionMask = 2147483647;
			files = (
				429A62FD2499707C00FE4EC2 /* ViewController.swift in Sources */,
				429A62F92499707C00FE4EC2 /* AppDelegate.swift in Sources */,
				429A62FB2499707C00FE4EC2 /* SceneDelegate.swift in Sources */,
			);
			runOnlyForDeploymentPostprocessing = 0;
		};
/* End PBXSourcesBuildPhase section */

/* Begin PBXVariantGroup section */
		429A62FE2499707C00FE4EC2 /* Main.storyboard */ = {
			isa = PBXVariantGroup;
			children = (
				429A62FF2499707C00FE4EC2 /* Base */,
			);
			name = Main.storyboard;
			sourceTree = "<group>";
		};
		429A63032499708300FE4EC2 /* LaunchScreen.storyboard */ = {
			isa = PBXVariantGroup;
			children = (
				429A63042499708300FE4EC2 /* Base */,
			);
			name = LaunchScreen.storyboard;
			sourceTree = "<group>";
		};
/* End PBXVariantGroup section */

/* Begin XCBuildConfiguration section */
		429A63072499708300FE4EC2 /* Debug */ = {
			isa = XCBuildConfiguration;
			buildSettings = {
				ALWAYS_SEARCH_USER_PATHS = NO;
				CLANG_ANALYZER_NONNULL = YES;
				CLANG_ANALYZER_NUMBER_OBJECT_CONVERSION = YES_AGGRESSIVE;
				CLANG_CXX_LANGUAGE_STANDARD = "gnu++14";
				CLANG_CXX_LIBRARY = "libc++";
				CLANG_ENABLE_MODULES = YES;
				CLANG_ENABLE_OBJC_ARC = YES;
				CLANG_ENABLE_OBJC_WEAK = YES;
				CLANG_WARN_BLOCK_CAPTURE_AUTORELEASING = YES;
				CLANG_WARN_BOOL_CONVERSION = YES;
				CLANG_WARN_COMMA = YES;
				CLANG_WARN_CONSTANT_CONVERSION = YES;
				CLANG_WARN_DEPRECATED_OBJC_IMPLEMENTATIONS = YES;
				CLANG_WARN_DIRECT_OBJC_ISA_USAGE = YES_ERROR;
				CLANG_WARN_DOCUMENTATION_COMMENTS = YES;
				CLANG_WARN_EMPTY_BODY = YES;
				CLANG_WARN_ENUM_CONVERSION = YES;
				CLANG_WARN_INFINITE_RECURSION = YES;
				CLANG_WARN_INT_CONVERSION = YES;
				CLANG_WARN_NON_LITERAL_NULL_CONVERSION = YES;
				CLANG_WARN_OBJC_IMPLICIT_RETAIN_SELF = YES;
				CLANG_WARN_OBJC_LITERAL_CONVERSION = YES;
				CLANG_WARN_OBJC_ROOT_CLASS = YES_ERROR;
				CLANG_WARN_RANGE_LOOP_ANALYSIS = YES;
				CLANG_WARN_STRICT_PROTOTYPES = YES;
				CLANG_WARN_SUSPICIOUS_MOVE = YES;
				CLANG_WARN_UNGUARDED_AVAILABILITY = YES_AGGRESSIVE;
				CLANG_WARN_UNREACHABLE_CODE = YES;
				CLANG_WARN__DUPLICATE_METHOD_MATCH = YES;
				COPY_PHASE_STRIP = NO;
				DEBUG_INFORMATION_FORMAT = dwarf;
				ENABLE_STRICT_OBJC_MSGSEND = YES;
				ENABLE_TESTABILITY = YES;
				GCC_C_LANGUAGE_STANDARD = gnu11;
				GCC_DYNAMIC_NO_PIC = NO;
				GCC_NO_COMMON_BLOCKS = YES;
				GCC_OPTIMIZATION_LEVEL = 0;
				GCC_PREPROCESSOR_DEFINITIONS = (
					"DEBUG=1",
					"$(inherited)",
				);
				GCC_WARN_64_TO_32_BIT_CONVERSION = YES;
				GCC_WARN_ABOUT_RETURN_TYPE = YES_ERROR;
				GCC_WARN_UNDECLARED_SELECTOR = YES;
				GCC_WARN_UNINITIALIZED_AUTOS = YES_AGGRESSIVE;
				GCC_WARN_UNUSED_FUNCTION = YES;
				GCC_WARN_UNUSED_VARIABLE = YES;
				IPHONEOS_DEPLOYMENT_TARGET = 13.4;
				MTL_ENABLE_DEBUG_INFO = INCLUDE_SOURCE;
				MTL_FAST_MATH = YES;
				ONLY_ACTIVE_ARCH = YES;
				SDKROOT = iphoneos;
				SWIFT_ACTIVE_COMPILATION_CONDITIONS = DEBUG;
				SWIFT_OPTIMIZATION_LEVEL = "-Onone";
			};
			name = Debug;
		};
		429A63082499708300FE4EC2 /* Release */ = {
			isa = XCBuildConfiguration;
			buildSettings = {
				ALWAYS_SEARCH_USER_PATHS = NO;
				CLANG_ANALYZER_NONNULL = YES;
				CLANG_ANALYZER_NUMBER_OBJECT_CONVERSION = YES_AGGRESSIVE;
				CLANG_CXX_LANGUAGE_STANDARD = "gnu++14";
				CLANG_CXX_LIBRARY = "libc++";
				CLANG_ENABLE_MODULES = YES;
				CLANG_ENABLE_OBJC_ARC = YES;
				CLANG_ENABLE_OBJC_WEAK = YES;
				CLANG_WARN_BLOCK_CAPTURE_AUTORELEASING = YES;
				CLANG_WARN_BOOL_CONVERSION = YES;
				CLANG_WARN_COMMA = YES;
				CLANG_WARN_CONSTANT_CONVERSION = YES;
				CLANG_WARN_DEPRECATED_OBJC_IMPLEMENTATIONS = YES;
				CLANG_WARN_DIRECT_OBJC_ISA_USAGE = YES_ERROR;
				CLANG_WARN_DOCUMENTATION_COMMENTS = YES;
				CLANG_WARN_EMPTY_BODY = YES;
				CLANG_WARN_ENUM_CONVERSION = YES;
				CLANG_WARN_INFINITE_RECURSION = YES;
				CLANG_WARN_INT_CONVERSION = YES;
				CLANG_WARN_NON_LITERAL_NULL_CONVERSION = YES;
				CLANG_WARN_OBJC_IMPLICIT_RETAIN_SELF = YES;
				CLANG_WARN_OBJC_LITERAL_CONVERSION = YES;
				CLANG_WARN_OBJC_ROOT_CLASS = YES_ERROR;
				CLANG_WARN_RANGE_LOOP_ANALYSIS = YES;
				CLANG_WARN_STRICT_PROTOTYPES = YES;
				CLANG_WARN_SUSPICIOUS_MOVE = YES;
				CLANG_WARN_UNGUARDED_AVAILABILITY = YES_AGGRESSIVE;
				CLANG_WARN_UNREACHABLE_CODE = YES;
				CLANG_WARN__DUPLICATE_METHOD_MATCH = YES;
				COPY_PHASE_STRIP = NO;
				DEBUG_INFORMATION_FORMAT = "dwarf-with-dsym";
				ENABLE_NS_ASSERTIONS = NO;
				ENABLE_STRICT_OBJC_MSGSEND = YES;
				GCC_C_LANGUAGE_STANDARD = gnu11;
				GCC_NO_COMMON_BLOCKS = YES;
				GCC_WARN_64_TO_32_BIT_CONVERSION = YES;
				GCC_WARN_ABOUT_RETURN_TYPE = YES_ERROR;
				GCC_WARN_UNDECLARED_SELECTOR = YES;
				GCC_WARN_UNINITIALIZED_AUTOS = YES_AGGRESSIVE;
				GCC_WARN_UNUSED_FUNCTION = YES;
				GCC_WARN_UNUSED_VARIABLE = YES;
				IPHONEOS_DEPLOYMENT_TARGET = 13.4;
				MTL_ENABLE_DEBUG_INFO = NO;
				MTL_FAST_MATH = YES;
				SDKROOT = iphoneos;
				SWIFT_COMPILATION_MODE = wholemodule;
				SWIFT_OPTIMIZATION_LEVEL = "-O";
				VALIDATE_PRODUCT = YES;
			};
			name = Release;
		};
		429A630A2499708300FE4EC2 /* Debug */ = {
			isa = XCBuildConfiguration;
			buildSettings = {
				ASSETCATALOG_COMPILER_APPICON_NAME = AppIcon;
				CODE_SIGN_STYLE = Automatic;
				DEVELOPMENT_TEAM = Z28289DGH6;
				INFOPLIST_FILE = PoEPriceTracker/Info.plist;
				LD_RUNPATH_SEARCH_PATHS = (
					"$(inherited)",
					"@executable_path/Frameworks",
				);
				PRODUCT_BUNDLE_IDENTIFIER = com.ThomasCacciatore.PoEPriceTracker;
				PRODUCT_NAME = "$(TARGET_NAME)";
				SWIFT_VERSION = 5.0;
				TARGETED_DEVICE_FAMILY = "1,2";
			};
			name = Debug;
		};
		429A630B2499708300FE4EC2 /* Release */ = {
			isa = XCBuildConfiguration;
			buildSettings = {
				ASSETCATALOG_COMPILER_APPICON_NAME = AppIcon;
				CODE_SIGN_STYLE = Automatic;
				DEVELOPMENT_TEAM = Z28289DGH6;
				INFOPLIST_FILE = PoEPriceTracker/Info.plist;
				LD_RUNPATH_SEARCH_PATHS = (
					"$(inherited)",
					"@executable_path/Frameworks",
				);
				PRODUCT_BUNDLE_IDENTIFIER = com.ThomasCacciatore.PoEPriceTracker;
				PRODUCT_NAME = "$(TARGET_NAME)";
				SWIFT_VERSION = 5.0;
				TARGETED_DEVICE_FAMILY = "1,2";
			};
			name = Release;
		};
/* End XCBuildConfiguration section */

/* Begin XCConfigurationList section */
		429A62F02499707C00FE4EC2 /* Build configuration list for PBXProject "PoEPriceTracker" */ = {
			isa = XCConfigurationList;
			buildConfigurations = (
				429A63072499708300FE4EC2 /* Debug */,
				429A63082499708300FE4EC2 /* Release */,
			);
			defaultConfigurationIsVisible = 0;
			defaultConfigurationName = Release;
		};
		429A63092499708300FE4EC2 /* Build configuration list for PBXNativeTarget "PoEPriceTracker" */ = {
			isa = XCConfigurationList;
			buildConfigurations = (
				429A630A2499708300FE4EC2 /* Debug */,
				429A630B2499708300FE4EC2 /* Release */,
			);
			defaultConfigurationIsVisible = 0;
			defaultConfigurationName = Release;
		};
/* End XCConfigurationList section */
	};
	rootObject = 429A62ED2499707C00FE4EC2 /* Project object */;
}
